// !$*UTF8*$!
{
	archiveVersion = 1;
	classes = {
	};
	objectVersion = 46;
	objects = {

/* Begin PBXBuildFile section */
		8DD80ABC74C0BE5D3614F778 /* libPods.a in Frameworks */ = {isa = PBXBuildFile; fileRef = 8C377F0C44966721C0B11B0D /* libPods.a */; };
		9F282D651B3A880700D8FBD5 /* Notification.xib in Resources */ = {isa = PBXBuildFile; fileRef = 9F282D641B3A880700D8FBD5 /* Notification.xib */; };
		9F282D6A1B3A8DEE00D8FBD5 /* NotificationDetailController.m in Sources */ = {isa = PBXBuildFile; fileRef = 9F282D681B3A8DEE00D8FBD5 /* NotificationDetailController.m */; };
		9F282D6B1B3A8DEE00D8FBD5 /* NotificationDetailController.xib in Resources */ = {isa = PBXBuildFile; fileRef = 9F282D691B3A8DEE00D8FBD5 /* NotificationDetailController.xib */; };
		9F282D6E1B3A931400D8FBD5 /* Notification.m in Sources */ = {isa = PBXBuildFile; fileRef = 9F282D6D1B3A931400D8FBD5 /* Notification.m */; };
		9F282D711B3AA07400D8FBD5 /* ContactCell.xib in Resources */ = {isa = PBXBuildFile; fileRef = 9F282D701B3AA07400D8FBD5 /* ContactCell.xib */; };
		9F282D741B3AA19300D8FBD5 /* ContactCell.m in Sources */ = {isa = PBXBuildFile; fileRef = 9F282D731B3AA19300D8FBD5 /* ContactCell.m */; };
		9F3851D61B1E8A14005E3B8B /* main.m in Sources */ = {isa = PBXBuildFile; fileRef = 9F3851D51B1E8A14005E3B8B /* main.m */; };
		9F3851D91B1E8A14005E3B8B /* AppDelegate.m in Sources */ = {isa = PBXBuildFile; fileRef = 9F3851D81B1E8A14005E3B8B /* AppDelegate.m */; };
		9F3851E11B1E8A14005E3B8B /* Images.xcassets in Resources */ = {isa = PBXBuildFile; fileRef = 9F3851E01B1E8A14005E3B8B /* Images.xcassets */; };
		9F3851F01B1E8A14005E3B8B /* ZDWater2Tests.m in Sources */ = {isa = PBXBuildFile; fileRef = 9F3851EF1B1E8A14005E3B8B /* ZDWater2Tests.m */; };
		9F3851FB1B1E8AB8005E3B8B /* LoginViewController.m in Sources */ = {isa = PBXBuildFile; fileRef = 9F3851FA1B1E8AB8005E3B8B /* LoginViewController.m */; };
		9F3851FE1B1E8AC8005E3B8B /* MenuViewController.m in Sources */ = {isa = PBXBuildFile; fileRef = 9F3851FD1B1E8AC8005E3B8B /* MenuViewController.m */; };
		9F3852001B1E8B05005E3B8B /* Main.storyboard in Resources */ = {isa = PBXBuildFile; fileRef = 9F3851FF1B1E8B05005E3B8B /* Main.storyboard */; };
		9F3852031B1E8DC4005E3B8B /* RainViewController.m in Sources */ = {isa = PBXBuildFile; fileRef = 9F3852021B1E8DC4005E3B8B /* RainViewController.m */; };
		9F3852061B1E8EB8005E3B8B /* ChartViewController.m in Sources */ = {isa = PBXBuildFile; fileRef = 9F3852051B1E8EB8005E3B8B /* ChartViewController.m */; };
		9F3852131B1E9304005E3B8B /* bg_023@2x.png in Resources */ = {isa = PBXBuildFile; fileRef = 9F3852081B1E9303005E3B8B /* bg_023@2x.png */; };
		9F3852141B1E9304005E3B8B /* btn_021@2x.png in Resources */ = {isa = PBXBuildFile; fileRef = 9F3852091B1E9303005E3B8B /* btn_021@2x.png */; };
		9F3852151B1E9304005E3B8B /* contact.png in Resources */ = {isa = PBXBuildFile; fileRef = 9F38520A1B1E9303005E3B8B /* contact.png */; };
		9F3852161B1E9304005E3B8B /* gate.png in Resources */ = {isa = PBXBuildFile; fileRef = 9F38520B1B1E9303005E3B8B /* gate.png */; };
		9F3852171B1E9304005E3B8B /* notification.png in Resources */ = {isa = PBXBuildFile; fileRef = 9F38520C1B1E9304005E3B8B /* notification.png */; };
		9F3852181B1E9304005E3B8B /* rain.png in Resources */ = {isa = PBXBuildFile; fileRef = 9F38520D1B1E9304005E3B8B /* rain.png */; };
		9F3852191B1E9304005E3B8B /* setting.png in Resources */ = {isa = PBXBuildFile; fileRef = 9F38520E1B1E9304005E3B8B /* setting.png */; };
		9F38521A1B1E9304005E3B8B /* water.png in Resources */ = {isa = PBXBuildFile; fileRef = 9F38520F1B1E9304005E3B8B /* water.png */; };
		9F38521B1B1E9304005E3B8B /* waterlevel.png in Resources */ = {isa = PBXBuildFile; fileRef = 9F3852101B1E9304005E3B8B /* waterlevel.png */; };
		9F38521C1B1E9304005E3B8B /* waterQuality.png in Resources */ = {isa = PBXBuildFile; fileRef = 9F3852111B1E9304005E3B8B /* waterQuality.png */; };
		9F38521D1B1E9304005E3B8B /* weather.png in Resources */ = {isa = PBXBuildFile; fileRef = 9F3852121B1E9304005E3B8B /* weather.png */; };
		9F3852201B1E9368005E3B8B /* UIView+RootView.m in Sources */ = {isa = PBXBuildFile; fileRef = 9F38521F1B1E9368005E3B8B /* UIView+RootView.m */; };
		9F3852231B1E96C6005E3B8B /* NotificationViewController.m in Sources */ = {isa = PBXBuildFile; fileRef = 9F3852221B1E96C6005E3B8B /* NotificationViewController.m */; };
		9F3852271B1E9720005E3B8B /* WaterLevelController.m in Sources */ = {isa = PBXBuildFile; fileRef = 9F3852261B1E9720005E3B8B /* WaterLevelController.m */; };
		9F38522A1B1E973F005E3B8B /* WaterQualityController.m in Sources */ = {isa = PBXBuildFile; fileRef = 9F3852291B1E973F005E3B8B /* WaterQualityController.m */; };
		9F38522D1B1E9765005E3B8B /* WaterYieldController.m in Sources */ = {isa = PBXBuildFile; fileRef = 9F38522C1B1E9765005E3B8B /* WaterYieldController.m */; };
		9F3852301B1E978E005E3B8B /* GateViewController.m in Sources */ = {isa = PBXBuildFile; fileRef = 9F38522F1B1E978E005E3B8B /* GateViewController.m */; };
		9F3852331B1E97AF005E3B8B /* ContactViewController.m in Sources */ = {isa = PBXBuildFile; fileRef = 9F3852321B1E97AF005E3B8B /* ContactViewController.m */; };
		9F3852361B1E97CA005E3B8B /* WeatherViewController.m in Sources */ = {isa = PBXBuildFile; fileRef = 9F3852351B1E97CA005E3B8B /* WeatherViewController.m */; };
		9F38523A1B1E9CB0005E3B8B /* CustomHeaderView.xib in Resources */ = {isa = PBXBuildFile; fileRef = 9F3852381B1E9CB0005E3B8B /* CustomHeaderView.xib */; };
		9F38523B1B1E9CB0005E3B8B /* RainHeaderView.xib in Resources */ = {isa = PBXBuildFile; fileRef = 9F3852391B1E9CB0005E3B8B /* RainHeaderView.xib */; };
		9F38523D1B1E9CD7005E3B8B /* WaterCell.xib in Resources */ = {isa = PBXBuildFile; fileRef = 9F38523C1B1E9CD7005E3B8B /* WaterCell.xib */; };
		9F3852411B1E9CFC005E3B8B /* WaterCell.m in Sources */ = {isa = PBXBuildFile; fileRef = 9F3852401B1E9CFC005E3B8B /* WaterCell.m */; };
		9F3852441B1E9D0F005E3B8B /* NotificationCell.m in Sources */ = {isa = PBXBuildFile; fileRef = 9F3852431B1E9D0F005E3B8B /* NotificationCell.m */; };
		9F3852461B1E9D30005E3B8B /* btn_020@2x.png in Resources */ = {isa = PBXBuildFile; fileRef = 9F3852451B1E9D30005E3B8B /* btn_020@2x.png */; };
		9F3852491B1E9D4A005E3B8B /* CustomHeaderView.m in Sources */ = {isa = PBXBuildFile; fileRef = 9F3852481B1E9D4A005E3B8B /* CustomHeaderView.m */; };
		9F38524C1B1E9D58005E3B8B /* QualityCell.m in Sources */ = {isa = PBXBuildFile; fileRef = 9F38524B1B1E9D58005E3B8B /* QualityCell.m */; };
		9F38525E1B1E9E20005E3B8B /* UUBar.m in Sources */ = {isa = PBXBuildFile; fileRef = 9F3852531B1E9E20005E3B8B /* UUBar.m */; };
		9F38525F1B1E9E20005E3B8B /* UUBarChart.m in Sources */ = {isa = PBXBuildFile; fileRef = 9F3852551B1E9E20005E3B8B /* UUBarChart.m */; };
		9F3852601B1E9E20005E3B8B /* UUChart.m in Sources */ = {isa = PBXBuildFile; fileRef = 9F3852571B1E9E20005E3B8B /* UUChart.m */; };
		9F3852611B1E9E20005E3B8B /* UUChartLabel.m in Sources */ = {isa = PBXBuildFile; fileRef = 9F3852591B1E9E20005E3B8B /* UUChartLabel.m */; };
		9F3852621B1E9E20005E3B8B /* UUColor.m in Sources */ = {isa = PBXBuildFile; fileRef = 9F38525B1B1E9E20005E3B8B /* UUColor.m */; };
		9F3852631B1E9E20005E3B8B /* UULineChart.m in Sources */ = {isa = PBXBuildFile; fileRef = 9F38525D1B1E9E20005E3B8B /* UULineChart.m */; };
		9F3852691B1E9E60005E3B8B /* CustomDateActionSheet.m in Sources */ = {isa = PBXBuildFile; fileRef = 9F3852671B1E9E60005E3B8B /* CustomDateActionSheet.m */; };
		9F38526A1B1E9E60005E3B8B /* CustomDateActionSheet.xib in Resources */ = {isa = PBXBuildFile; fileRef = 9F3852681B1E9E60005E3B8B /* CustomDateActionSheet.xib */; };
		9F38528D1B1E9EEA005E3B8B /* CoreGraphics.framework in Frameworks */ = {isa = PBXBuildFile; fileRef = 9F38528C1B1E9EEA005E3B8B /* CoreGraphics.framework */; };
		9F38528F1B1E9EF1005E3B8B /* MobileCoreServices.framework in Frameworks */ = {isa = PBXBuildFile; fileRef = 9F38528E1B1E9EF1005E3B8B /* MobileCoreServices.framework */; };
		9F3852911B1E9EF6005E3B8B /* CFNetwork.framework in Frameworks */ = {isa = PBXBuildFile; fileRef = 9F3852901B1E9EF6005E3B8B /* CFNetwork.framework */; };
		9F3852931B1E9EFF005E3B8B /* SystemConfiguration.framework in Frameworks */ = {isa = PBXBuildFile; fileRef = 9F3852921B1E9EFF005E3B8B /* SystemConfiguration.framework */; };
		9F3852951B1E9F0A005E3B8B /* libz.1.1.3.dylib in Frameworks */ = {isa = PBXBuildFile; fileRef = 9F3852941B1E9F0A005E3B8B /* libz.1.1.3.dylib */; };
		9F3852A91B1EA077005E3B8B /* AreaObject.m in Sources */ = {isa = PBXBuildFile; fileRef = 9F3852981B1EA077005E3B8B /* AreaObject.m */; };
		9F3852AA1B1EA077005E3B8B /* ChartObject.m in Sources */ = {isa = PBXBuildFile; fileRef = 9F38529A1B1EA077005E3B8B /* ChartObject.m */; };
		9F3852AB1B1EA077005E3B8B /* DoubleChartObject.m in Sources */ = {isa = PBXBuildFile; fileRef = 9F38529C1B1EA077005E3B8B /* DoubleChartObject.m */; };
		9F3852AC1B1EA077005E3B8B /* GateObject.m in Sources */ = {isa = PBXBuildFile; fileRef = 9F38529E1B1EA077005E3B8B /* GateObject.m */; };
		9F3852AD1B1EA077005E3B8B /* QualityDetaiObject.m in Sources */ = {isa = PBXBuildFile; fileRef = 9F3852A01B1EA077005E3B8B /* QualityDetaiObject.m */; };
		9F3852AE1B1EA077005E3B8B /* RainObject.m in Sources */ = {isa = PBXBuildFile; fileRef = 9F3852A21B1EA077005E3B8B /* RainObject.m */; };
		9F3852AF1B1EA077005E3B8B /* WaterQuality.m in Sources */ = {isa = PBXBuildFile; fileRef = 9F3852A41B1EA077005E3B8B /* WaterQuality.m */; };
		9F3852B01B1EA077005E3B8B /* WaterSituation.m in Sources */ = {isa = PBXBuildFile; fileRef = 9F3852A61B1EA077005E3B8B /* WaterSituation.m */; };
		9F3852B11B1EA077005E3B8B /* WaterYield.m in Sources */ = {isa = PBXBuildFile; fileRef = 9F3852A81B1EA077005E3B8B /* WaterYield.m */; };
		9F3852B51B1EA0DA005E3B8B /* SelectViewController.m in Sources */ = {isa = PBXBuildFile; fileRef = 9F3852B41B1EA0DA005E3B8B /* SelectViewController.m */; };
		9F3852BB1B1EA28F005E3B8B /* RainCell.m in Sources */ = {isa = PBXBuildFile; fileRef = 9F3852BA1B1EA28F005E3B8B /* RainCell.m */; };
		9F3852BD1B1EA29C005E3B8B /* Rain.xib in Resources */ = {isa = PBXBuildFile; fileRef = 9F3852BC1B1EA29C005E3B8B /* Rain.xib */; };
		9F3852C11B1EA7AC005E3B8B /* left.png in Resources */ = {isa = PBXBuildFile; fileRef = 9F3852BF1B1EA7AC005E3B8B /* left.png */; };
		9F3852C21B1EA7AC005E3B8B /* right.png in Resources */ = {isa = PBXBuildFile; fileRef = 9F3852C01B1EA7AC005E3B8B /* right.png */; };
		9F3852C61B1EA93B005E3B8B /* QualityDetailController.m in Sources */ = {isa = PBXBuildFile; fileRef = 9F3852C51B1EA93B005E3B8B /* QualityDetailController.m */; };
		9F3852CB1B1ED662005E3B8B /* SVProgressHUD.bundle in Resources */ = {isa = PBXBuildFile; fileRef = 9F3852C81B1ED662005E3B8B /* SVProgressHUD.bundle */; };
		9F3852CC1B1ED662005E3B8B /* SVProgressHUD.m in Sources */ = {isa = PBXBuildFile; fileRef = 9F3852CA1B1ED662005E3B8B /* SVProgressHUD.m */; };
		9F3A71C51B299C790032677E /* LoginToken.m in Sources */ = {isa = PBXBuildFile; fileRef = 9F3A71C41B299C790032677E /* LoginToken.m */; };
		9F3FE8D41B21965800CC49F4 /* filter.png in Resources */ = {isa = PBXBuildFile; fileRef = 9F3FE8D31B21965700CC49F4 /* filter.png */; };
		9F3FE8D61B21965D00CC49F4 /* select.png in Resources */ = {isa = PBXBuildFile; fileRef = 9F3FE8D51B21965D00CC49F4 /* select.png */; };
		9F3FE8E11B219B8D00CC49F4 /* cloudy.png in Resources */ = {isa = PBXBuildFile; fileRef = 9F3FE8D71B219B8D00CC49F4 /* cloudy.png */; };
		9F3FE8E21B219B8D00CC49F4 /* foggy.png in Resources */ = {isa = PBXBuildFile; fileRef = 9F3FE8D81B219B8D00CC49F4 /* foggy.png */; };
		9F3FE8E31B219B8D00CC49F4 /* rainy.png in Resources */ = {isa = PBXBuildFile; fileRef = 9F3FE8D91B219B8D00CC49F4 /* rainy.png */; };
		9F3FE8E41B219B8D00CC49F4 /* shady.png in Resources */ = {isa = PBXBuildFile; fileRef = 9F3FE8DA1B219B8D00CC49F4 /* shady.png */; };
		9F3FE8E51B219B8D00CC49F4 /* showers.png in Resources */ = {isa = PBXBuildFile; fileRef = 9F3FE8DB1B219B8D00CC49F4 /* showers.png */; };
		9F3FE8E61B219B8D00CC49F4 /* snowy.png in Resources */ = {isa = PBXBuildFile; fileRef = 9F3FE8DC1B219B8D00CC49F4 /* snowy.png */; };
		9F3FE8E71B219B8D00CC49F4 /* sun.png in Resources */ = {isa = PBXBuildFile; fileRef = 9F3FE8DD1B219B8D00CC49F4 /* sun.png */; };
		9F3FE8E81B219B8D00CC49F4 /* sunny.png in Resources */ = {isa = PBXBuildFile; fileRef = 9F3FE8DE1B219B8D00CC49F4 /* sunny.png */; };
		9F3FE8E91B219B8D00CC49F4 /* sunTocloudy.png in Resources */ = {isa = PBXBuildFile; fileRef = 9F3FE8DF1B219B8D00CC49F4 /* sunTocloudy.png */; };
		9F3FE8ED1B219C3300CC49F4 /* WeatherObject.m in Sources */ = {isa = PBXBuildFile; fileRef = 9F3FE8EC1B219C3300CC49F4 /* WeatherObject.m */; };
		9F3FE8EF1B219D2400CC49F4 /* tq.jpg in Resources */ = {isa = PBXBuildFile; fileRef = 9F3FE8EE1B219D2400CC49F4 /* tq.jpg */; };
		9F41C11D1B3263EE003E0679 /* QuailtyChartController.m in Sources */ = {isa = PBXBuildFile; fileRef = 9F41C11C1B3263EE003E0679 /* QuailtyChartController.m */; };
		9F41C1211B32722F003E0679 /* chart.png in Resources */ = {isa = PBXBuildFile; fileRef = 9F41C1201B32722F003E0679 /* chart.png */; };
		9F41C1231B327379003E0679 /* quality.xib in Resources */ = {isa = PBXBuildFile; fileRef = 9F41C1221B327379003E0679 /* quality.xib */; };
		9F9158FD1B25415300CFA0DB /* qixiang.png in Resources */ = {isa = PBXBuildFile; fileRef = 9F9158FC1B25415300CFA0DB /* qixiang.png */; };
		9F9159001B2541C800CFA0DB /* QiXiangController.m in Sources */ = {isa = PBXBuildFile; fileRef = 9F9158FF1B2541C800CFA0DB /* QiXiangController.m */; };
		9F9159041B25444600CFA0DB /* QixiangDetailController.m in Sources */ = {isa = PBXBuildFile; fileRef = 9F9159031B25444600CFA0DB /* QixiangDetailController.m */; };
		9F9159071B25581600CFA0DB /* QiXiangObject.m in Sources */ = {isa = PBXBuildFile; fileRef = 9F9159061B25581600CFA0DB /* QiXiangObject.m */; };
/* End PBXBuildFile section */

/* Begin PBXContainerItemProxy section */
		9F3851EA1B1E8A14005E3B8B /* PBXContainerItemProxy */ = {
			isa = PBXContainerItemProxy;
			containerPortal = 9F3851C81B1E8A14005E3B8B /* Project object */;
			proxyType = 1;
			remoteGlobalIDString = 9F3851CF1B1E8A14005E3B8B;
			remoteInfo = ZDWater2;
		};
/* End PBXContainerItemProxy section */

/* Begin PBXFileReference section */
		049BF1D6F49D40F18C10AEC8 /* Pods.debug.xcconfig */ = {isa = PBXFileReference; includeInIndex = 1; lastKnownFileType = text.xcconfig; name = Pods.debug.xcconfig; path = "Pods/Target Support Files/Pods/Pods.debug.xcconfig"; sourceTree = "<group>"; };
		7F087AF3573AB2CED7AE55BC /* Pods.release.xcconfig */ = {isa = PBXFileReference; includeInIndex = 1; lastKnownFileType = text.xcconfig; name = Pods.release.xcconfig; path = "Pods/Target Support Files/Pods/Pods.release.xcconfig"; sourceTree = "<group>"; };
		8C377F0C44966721C0B11B0D /* libPods.a */ = {isa = PBXFileReference; explicitFileType = archive.ar; includeInIndex = 0; path = libPods.a; sourceTree = BUILT_PRODUCTS_DIR; };
		9F282D641B3A880700D8FBD5 /* Notification.xib */ = {isa = PBXFileReference; fileEncoding = 4; lastKnownFileType = file.xib; path = Notification.xib; sourceTree = "<group>"; };
		9F282D671B3A8DEE00D8FBD5 /* NotificationDetailController.h */ = {isa = PBXFileReference; fileEncoding = 4; lastKnownFileType = sourcecode.c.h; path = NotificationDetailController.h; sourceTree = "<group>"; };
		9F282D681B3A8DEE00D8FBD5 /* NotificationDetailController.m */ = {isa = PBXFileReference; fileEncoding = 4; lastKnownFileType = sourcecode.c.objc; path = NotificationDetailController.m; sourceTree = "<group>"; };
		9F282D691B3A8DEE00D8FBD5 /* NotificationDetailController.xib */ = {isa = PBXFileReference; fileEncoding = 4; lastKnownFileType = file.xib; path = NotificationDetailController.xib; sourceTree = "<group>"; };
		9F282D6C1B3A931400D8FBD5 /* Notification.h */ = {isa = PBXFileReference; fileEncoding = 4; lastKnownFileType = sourcecode.c.h; path = Notification.h; sourceTree = "<group>"; };
		9F282D6D1B3A931400D8FBD5 /* Notification.m */ = {isa = PBXFileReference; fileEncoding = 4; lastKnownFileType = sourcecode.c.objc; path = Notification.m; sourceTree = "<group>"; };
		9F282D701B3AA07400D8FBD5 /* ContactCell.xib */ = {isa = PBXFileReference; fileEncoding = 4; lastKnownFileType = file.xib; path = ContactCell.xib; sourceTree = "<group>"; };
		9F282D721B3AA19300D8FBD5 /* ContactCell.h */ = {isa = PBXFileReference; fileEncoding = 4; lastKnownFileType = sourcecode.c.h; path = ContactCell.h; sourceTree = "<group>"; };
		9F282D731B3AA19300D8FBD5 /* ContactCell.m */ = {isa = PBXFileReference; fileEncoding = 4; lastKnownFileType = sourcecode.c.objc; path = ContactCell.m; sourceTree = "<group>"; };
		9F3851D01B1E8A14005E3B8B /* ZDWater2.app */ = {isa = PBXFileReference; explicitFileType = wrapper.application; includeInIndex = 0; path = ZDWater2.app; sourceTree = BUILT_PRODUCTS_DIR; };
		9F3851D41B1E8A14005E3B8B /* Info.plist */ = {isa = PBXFileReference; lastKnownFileType = text.plist.xml; path = Info.plist; sourceTree = "<group>"; };
		9F3851D51B1E8A14005E3B8B /* main.m */ = {isa = PBXFileReference; lastKnownFileType = sourcecode.c.objc; path = main.m; sourceTree = "<group>"; };
		9F3851D71B1E8A14005E3B8B /* AppDelegate.h */ = {isa = PBXFileReference; lastKnownFileType = sourcecode.c.h; path = AppDelegate.h; sourceTree = "<group>"; };
		9F3851D81B1E8A14005E3B8B /* AppDelegate.m */ = {isa = PBXFileReference; lastKnownFileType = sourcecode.c.objc; path = AppDelegate.m; sourceTree = "<group>"; };
		9F3851E01B1E8A14005E3B8B /* Images.xcassets */ = {isa = PBXFileReference; lastKnownFileType = folder.assetcatalog; path = Images.xcassets; sourceTree = "<group>"; };
		9F3851E91B1E8A14005E3B8B /* ZDWater2Tests.xctest */ = {isa = PBXFileReference; explicitFileType = wrapper.cfbundle; includeInIndex = 0; path = ZDWater2Tests.xctest; sourceTree = BUILT_PRODUCTS_DIR; };
		9F3851EE1B1E8A14005E3B8B /* Info.plist */ = {isa = PBXFileReference; lastKnownFileType = text.plist.xml; path = Info.plist; sourceTree = "<group>"; };
		9F3851EF1B1E8A14005E3B8B /* ZDWater2Tests.m */ = {isa = PBXFileReference; lastKnownFileType = sourcecode.c.objc; path = ZDWater2Tests.m; sourceTree = "<group>"; };
		9F3851F91B1E8AB8005E3B8B /* LoginViewController.h */ = {isa = PBXFileReference; fileEncoding = 4; lastKnownFileType = sourcecode.c.h; path = LoginViewController.h; sourceTree = "<group>"; };
		9F3851FA1B1E8AB8005E3B8B /* LoginViewController.m */ = {isa = PBXFileReference; fileEncoding = 4; lastKnownFileType = sourcecode.c.objc; path = LoginViewController.m; sourceTree = "<group>"; };
		9F3851FC1B1E8AC8005E3B8B /* MenuViewController.h */ = {isa = PBXFileReference; fileEncoding = 4; lastKnownFileType = sourcecode.c.h; path = MenuViewController.h; sourceTree = "<group>"; };
		9F3851FD1B1E8AC8005E3B8B /* MenuViewController.m */ = {isa = PBXFileReference; fileEncoding = 4; lastKnownFileType = sourcecode.c.objc; path = MenuViewController.m; sourceTree = "<group>"; };
		9F3851FF1B1E8B05005E3B8B /* Main.storyboard */ = {isa = PBXFileReference; fileEncoding = 4; lastKnownFileType = file.storyboard; path = Main.storyboard; sourceTree = "<group>"; };
		9F3852011B1E8DC4005E3B8B /* RainViewController.h */ = {isa = PBXFileReference; fileEncoding = 4; lastKnownFileType = sourcecode.c.h; path = RainViewController.h; sourceTree = "<group>"; };
		9F3852021B1E8DC4005E3B8B /* RainViewController.m */ = {isa = PBXFileReference; fileEncoding = 4; lastKnownFileType = sourcecode.c.objc; path = RainViewController.m; sourceTree = "<group>"; };
		9F3852041B1E8EB8005E3B8B /* ChartViewController.h */ = {isa = PBXFileReference; fileEncoding = 4; lastKnownFileType = sourcecode.c.h; path = ChartViewController.h; sourceTree = "<group>"; };
		9F3852051B1E8EB8005E3B8B /* ChartViewController.m */ = {isa = PBXFileReference; fileEncoding = 4; lastKnownFileType = sourcecode.c.objc; path = ChartViewController.m; sourceTree = "<group>"; };
		9F3852081B1E9303005E3B8B /* bg_023@2x.png */ = {isa = PBXFileReference; lastKnownFileType = image.png; path = "bg_023@2x.png"; sourceTree = "<group>"; };
		9F3852091B1E9303005E3B8B /* btn_021@2x.png */ = {isa = PBXFileReference; lastKnownFileType = image.png; path = "btn_021@2x.png"; sourceTree = "<group>"; };
		9F38520A1B1E9303005E3B8B /* contact.png */ = {isa = PBXFileReference; lastKnownFileType = image.png; path = contact.png; sourceTree = "<group>"; };
		9F38520B1B1E9303005E3B8B /* gate.png */ = {isa = PBXFileReference; lastKnownFileType = image.png; path = gate.png; sourceTree = "<group>"; };
		9F38520C1B1E9304005E3B8B /* notification.png */ = {isa = PBXFileReference; lastKnownFileType = image.png; path = notification.png; sourceTree = "<group>"; };
		9F38520D1B1E9304005E3B8B /* rain.png */ = {isa = PBXFileReference; lastKnownFileType = image.png; path = rain.png; sourceTree = "<group>"; };
		9F38520E1B1E9304005E3B8B /* setting.png */ = {isa = PBXFileReference; lastKnownFileType = image.png; path = setting.png; sourceTree = "<group>"; };
		9F38520F1B1E9304005E3B8B /* water.png */ = {isa = PBXFileReference; lastKnownFileType = image.png; path = water.png; sourceTree = "<group>"; };
		9F3852101B1E9304005E3B8B /* waterlevel.png */ = {isa = PBXFileReference; lastKnownFileType = image.png; path = waterlevel.png; sourceTree = "<group>"; };
		9F3852111B1E9304005E3B8B /* waterQuality.png */ = {isa = PBXFileReference; lastKnownFileType = image.png; path = waterQuality.png; sourceTree = "<group>"; };
		9F3852121B1E9304005E3B8B /* weather.png */ = {isa = PBXFileReference; lastKnownFileType = image.png; path = weather.png; sourceTree = "<group>"; };
		9F38521E1B1E9368005E3B8B /* UIView+RootView.h */ = {isa = PBXFileReference; fileEncoding = 4; lastKnownFileType = sourcecode.c.h; path = "UIView+RootView.h"; sourceTree = "<group>"; };
		9F38521F1B1E9368005E3B8B /* UIView+RootView.m */ = {isa = PBXFileReference; fileEncoding = 4; lastKnownFileType = sourcecode.c.objc; path = "UIView+RootView.m"; sourceTree = "<group>"; };
		9F3852211B1E96C6005E3B8B /* NotificationViewController.h */ = {isa = PBXFileReference; fileEncoding = 4; lastKnownFileType = sourcecode.c.h; path = NotificationViewController.h; sourceTree = "<group>"; };
		9F3852221B1E96C6005E3B8B /* NotificationViewController.m */ = {isa = PBXFileReference; fileEncoding = 4; lastKnownFileType = sourcecode.c.objc; path = NotificationViewController.m; sourceTree = "<group>"; };
		9F3852251B1E9720005E3B8B /* WaterLevelController.h */ = {isa = PBXFileReference; fileEncoding = 4; lastKnownFileType = sourcecode.c.h; path = WaterLevelController.h; sourceTree = "<group>"; };
		9F3852261B1E9720005E3B8B /* WaterLevelController.m */ = {isa = PBXFileReference; fileEncoding = 4; lastKnownFileType = sourcecode.c.objc; path = WaterLevelController.m; sourceTree = "<group>"; };
		9F3852281B1E973F005E3B8B /* WaterQualityController.h */ = {isa = PBXFileReference; fileEncoding = 4; lastKnownFileType = sourcecode.c.h; path = WaterQualityController.h; sourceTree = "<group>"; };
		9F3852291B1E973F005E3B8B /* WaterQualityController.m */ = {isa = PBXFileReference; fileEncoding = 4; lastKnownFileType = sourcecode.c.objc; path = WaterQualityController.m; sourceTree = "<group>"; };
		9F38522B1B1E9765005E3B8B /* WaterYieldController.h */ = {isa = PBXFileReference; fileEncoding = 4; lastKnownFileType = sourcecode.c.h; path = WaterYieldController.h; sourceTree = "<group>"; };
		9F38522C1B1E9765005E3B8B /* WaterYieldController.m */ = {isa = PBXFileReference; fileEncoding = 4; lastKnownFileType = sourcecode.c.objc; path = WaterYieldController.m; sourceTree = "<group>"; };
		9F38522E1B1E978E005E3B8B /* GateViewController.h */ = {isa = PBXFileReference; fileEncoding = 4; lastKnownFileType = sourcecode.c.h; path = GateViewController.h; sourceTree = "<group>"; };
		9F38522F1B1E978E005E3B8B /* GateViewController.m */ = {isa = PBXFileReference; fileEncoding = 4; lastKnownFileType = sourcecode.c.objc; path = GateViewController.m; sourceTree = "<group>"; };
		9F3852311B1E97AF005E3B8B /* ContactViewController.h */ = {isa = PBXFileReference; fileEncoding = 4; lastKnownFileType = sourcecode.c.h; path = ContactViewController.h; sourceTree = "<group>"; };
		9F3852321B1E97AF005E3B8B /* ContactViewController.m */ = {isa = PBXFileReference; fileEncoding = 4; lastKnownFileType = sourcecode.c.objc; path = ContactViewController.m; sourceTree = "<group>"; };
		9F3852341B1E97CA005E3B8B /* WeatherViewController.h */ = {isa = PBXFileReference; fileEncoding = 4; lastKnownFileType = sourcecode.c.h; path = WeatherViewController.h; sourceTree = "<group>"; };
		9F3852351B1E97CA005E3B8B /* WeatherViewController.m */ = {isa = PBXFileReference; fileEncoding = 4; lastKnownFileType = sourcecode.c.objc; path = WeatherViewController.m; sourceTree = "<group>"; };
		9F3852381B1E9CB0005E3B8B /* CustomHeaderView.xib */ = {isa = PBXFileReference; fileEncoding = 4; lastKnownFileType = file.xib; path = CustomHeaderView.xib; sourceTree = "<group>"; };
		9F3852391B1E9CB0005E3B8B /* RainHeaderView.xib */ = {isa = PBXFileReference; fileEncoding = 4; lastKnownFileType = file.xib; path = RainHeaderView.xib; sourceTree = "<group>"; };
		9F38523C1B1E9CD7005E3B8B /* WaterCell.xib */ = {isa = PBXFileReference; fileEncoding = 4; lastKnownFileType = file.xib; path = WaterCell.xib; sourceTree = "<group>"; };
		9F38523F1B1E9CFC005E3B8B /* WaterCell.h */ = {isa = PBXFileReference; fileEncoding = 4; lastKnownFileType = sourcecode.c.h; path = WaterCell.h; sourceTree = "<group>"; };
		9F3852401B1E9CFC005E3B8B /* WaterCell.m */ = {isa = PBXFileReference; fileEncoding = 4; lastKnownFileType = sourcecode.c.objc; path = WaterCell.m; sourceTree = "<group>"; };
		9F3852421B1E9D0F005E3B8B /* NotificationCell.h */ = {isa = PBXFileReference; fileEncoding = 4; lastKnownFileType = sourcecode.c.h; path = NotificationCell.h; sourceTree = "<group>"; };
		9F3852431B1E9D0F005E3B8B /* NotificationCell.m */ = {isa = PBXFileReference; fileEncoding = 4; lastKnownFileType = sourcecode.c.objc; path = NotificationCell.m; sourceTree = "<group>"; };
		9F3852451B1E9D30005E3B8B /* btn_020@2x.png */ = {isa = PBXFileReference; lastKnownFileType = image.png; path = "btn_020@2x.png"; sourceTree = "<group>"; };
		9F3852471B1E9D4A005E3B8B /* CustomHeaderView.h */ = {isa = PBXFileReference; fileEncoding = 4; lastKnownFileType = sourcecode.c.h; path = CustomHeaderView.h; sourceTree = "<group>"; };
		9F3852481B1E9D4A005E3B8B /* CustomHeaderView.m */ = {isa = PBXFileReference; fileEncoding = 4; lastKnownFileType = sourcecode.c.objc; path = CustomHeaderView.m; sourceTree = "<group>"; };
		9F38524A1B1E9D58005E3B8B /* QualityCell.h */ = {isa = PBXFileReference; fileEncoding = 4; lastKnownFileType = sourcecode.c.h; path = QualityCell.h; sourceTree = "<group>"; };
		9F38524B1B1E9D58005E3B8B /* QualityCell.m */ = {isa = PBXFileReference; fileEncoding = 4; lastKnownFileType = sourcecode.c.objc; path = QualityCell.m; sourceTree = "<group>"; };
		9F3852521B1E9E20005E3B8B /* UUBar.h */ = {isa = PBXFileReference; fileEncoding = 4; lastKnownFileType = sourcecode.c.h; path = UUBar.h; sourceTree = "<group>"; };
		9F3852531B1E9E20005E3B8B /* UUBar.m */ = {isa = PBXFileReference; fileEncoding = 4; lastKnownFileType = sourcecode.c.objc; path = UUBar.m; sourceTree = "<group>"; };
		9F3852541B1E9E20005E3B8B /* UUBarChart.h */ = {isa = PBXFileReference; fileEncoding = 4; lastKnownFileType = sourcecode.c.h; path = UUBarChart.h; sourceTree = "<group>"; };
		9F3852551B1E9E20005E3B8B /* UUBarChart.m */ = {isa = PBXFileReference; fileEncoding = 4; lastKnownFileType = sourcecode.c.objc; path = UUBarChart.m; sourceTree = "<group>"; };
		9F3852561B1E9E20005E3B8B /* UUChart.h */ = {isa = PBXFileReference; fileEncoding = 4; lastKnownFileType = sourcecode.c.h; path = UUChart.h; sourceTree = "<group>"; };
		9F3852571B1E9E20005E3B8B /* UUChart.m */ = {isa = PBXFileReference; fileEncoding = 4; lastKnownFileType = sourcecode.c.objc; path = UUChart.m; sourceTree = "<group>"; };
		9F3852581B1E9E20005E3B8B /* UUChartLabel.h */ = {isa = PBXFileReference; fileEncoding = 4; lastKnownFileType = sourcecode.c.h; path = UUChartLabel.h; sourceTree = "<group>"; };
		9F3852591B1E9E20005E3B8B /* UUChartLabel.m */ = {isa = PBXFileReference; fileEncoding = 4; lastKnownFileType = sourcecode.c.objc; path = UUChartLabel.m; sourceTree = "<group>"; };
		9F38525A1B1E9E20005E3B8B /* UUColor.h */ = {isa = PBXFileReference; fileEncoding = 4; lastKnownFileType = sourcecode.c.h; path = UUColor.h; sourceTree = "<group>"; };
		9F38525B1B1E9E20005E3B8B /* UUColor.m */ = {isa = PBXFileReference; fileEncoding = 4; lastKnownFileType = sourcecode.c.objc; path = UUColor.m; sourceTree = "<group>"; };
		9F38525C1B1E9E20005E3B8B /* UULineChart.h */ = {isa = PBXFileReference; fileEncoding = 4; lastKnownFileType = sourcecode.c.h; path = UULineChart.h; sourceTree = "<group>"; };
		9F38525D1B1E9E20005E3B8B /* UULineChart.m */ = {isa = PBXFileReference; fileEncoding = 4; lastKnownFileType = sourcecode.c.objc; path = UULineChart.m; sourceTree = "<group>"; };
		9F3852661B1E9E60005E3B8B /* CustomDateActionSheet.h */ = {isa = PBXFileReference; fileEncoding = 4; lastKnownFileType = sourcecode.c.h; path = CustomDateActionSheet.h; sourceTree = "<group>"; };
		9F3852671B1E9E60005E3B8B /* CustomDateActionSheet.m */ = {isa = PBXFileReference; fileEncoding = 4; lastKnownFileType = sourcecode.c.objc; path = CustomDateActionSheet.m; sourceTree = "<group>"; };
		9F3852681B1E9E60005E3B8B /* CustomDateActionSheet.xib */ = {isa = PBXFileReference; fileEncoding = 4; lastKnownFileType = file.xib; path = CustomDateActionSheet.xib; sourceTree = "<group>"; };
		9F38528C1B1E9EEA005E3B8B /* CoreGraphics.framework */ = {isa = PBXFileReference; lastKnownFileType = wrapper.framework; name = CoreGraphics.framework; path = System/Library/Frameworks/CoreGraphics.framework; sourceTree = SDKROOT; };
		9F38528E1B1E9EF1005E3B8B /* MobileCoreServices.framework */ = {isa = PBXFileReference; lastKnownFileType = wrapper.framework; name = MobileCoreServices.framework; path = System/Library/Frameworks/MobileCoreServices.framework; sourceTree = SDKROOT; };
		9F3852901B1E9EF6005E3B8B /* CFNetwork.framework */ = {isa = PBXFileReference; lastKnownFileType = wrapper.framework; name = CFNetwork.framework; path = System/Library/Frameworks/CFNetwork.framework; sourceTree = SDKROOT; };
		9F3852921B1E9EFF005E3B8B /* SystemConfiguration.framework */ = {isa = PBXFileReference; lastKnownFileType = wrapper.framework; name = SystemConfiguration.framework; path = System/Library/Frameworks/SystemConfiguration.framework; sourceTree = SDKROOT; };
		9F3852941B1E9F0A005E3B8B /* libz.1.1.3.dylib */ = {isa = PBXFileReference; lastKnownFileType = "compiled.mach-o.dylib"; name = libz.1.1.3.dylib; path = usr/lib/libz.1.1.3.dylib; sourceTree = SDKROOT; };
		9F3852961B1E9F9B005E3B8B /* PrefixHeader.pch */ = {isa = PBXFileReference; fileEncoding = 4; lastKnownFileType = sourcecode.c.h; path = PrefixHeader.pch; sourceTree = "<group>"; };
		9F3852971B1EA077005E3B8B /* AreaObject.h */ = {isa = PBXFileReference; fileEncoding = 4; lastKnownFileType = sourcecode.c.h; path = AreaObject.h; sourceTree = "<group>"; };
		9F3852981B1EA077005E3B8B /* AreaObject.m */ = {isa = PBXFileReference; fileEncoding = 4; lastKnownFileType = sourcecode.c.objc; path = AreaObject.m; sourceTree = "<group>"; };
		9F3852991B1EA077005E3B8B /* ChartObject.h */ = {isa = PBXFileReference; fileEncoding = 4; lastKnownFileType = sourcecode.c.h; path = ChartObject.h; sourceTree = "<group>"; };
		9F38529A1B1EA077005E3B8B /* ChartObject.m */ = {isa = PBXFileReference; fileEncoding = 4; lastKnownFileType = sourcecode.c.objc; path = ChartObject.m; sourceTree = "<group>"; };
		9F38529B1B1EA077005E3B8B /* DoubleChartObject.h */ = {isa = PBXFileReference; fileEncoding = 4; lastKnownFileType = sourcecode.c.h; path = DoubleChartObject.h; sourceTree = "<group>"; };
		9F38529C1B1EA077005E3B8B /* DoubleChartObject.m */ = {isa = PBXFileReference; fileEncoding = 4; lastKnownFileType = sourcecode.c.objc; path = DoubleChartObject.m; sourceTree = "<group>"; };
		9F38529D1B1EA077005E3B8B /* GateObject.h */ = {isa = PBXFileReference; fileEncoding = 4; lastKnownFileType = sourcecode.c.h; path = GateObject.h; sourceTree = "<group>"; };
		9F38529E1B1EA077005E3B8B /* GateObject.m */ = {isa = PBXFileReference; fileEncoding = 4; lastKnownFileType = sourcecode.c.objc; path = GateObject.m; sourceTree = "<group>"; };
		9F38529F1B1EA077005E3B8B /* QualityDetaiObject.h */ = {isa = PBXFileReference; fileEncoding = 4; lastKnownFileType = sourcecode.c.h; path = QualityDetaiObject.h; sourceTree = "<group>"; };
		9F3852A01B1EA077005E3B8B /* QualityDetaiObject.m */ = {isa = PBXFileReference; fileEncoding = 4; lastKnownFileType = sourcecode.c.objc; path = QualityDetaiObject.m; sourceTree = "<group>"; };
		9F3852A11B1EA077005E3B8B /* RainObject.h */ = {isa = PBXFileReference; fileEncoding = 4; lastKnownFileType = sourcecode.c.h; path = RainObject.h; sourceTree = "<group>"; };
		9F3852A21B1EA077005E3B8B /* RainObject.m */ = {isa = PBXFileReference; fileEncoding = 4; lastKnownFileType = sourcecode.c.objc; path = RainObject.m; sourceTree = "<group>"; };
		9F3852A31B1EA077005E3B8B /* WaterQuality.h */ = {isa = PBXFileReference; fileEncoding = 4; lastKnownFileType = sourcecode.c.h; path = WaterQuality.h; sourceTree = "<group>"; };
		9F3852A41B1EA077005E3B8B /* WaterQuality.m */ = {isa = PBXFileReference; fileEncoding = 4; lastKnownFileType = sourcecode.c.objc; path = WaterQuality.m; sourceTree = "<group>"; };
		9F3852A51B1EA077005E3B8B /* WaterSituation.h */ = {isa = PBXFileReference; fileEncoding = 4; lastKnownFileType = sourcecode.c.h; path = WaterSituation.h; sourceTree = "<group>"; };
		9F3852A61B1EA077005E3B8B /* WaterSituation.m */ = {isa = PBXFileReference; fileEncoding = 4; lastKnownFileType = sourcecode.c.objc; path = WaterSituation.m; sourceTree = "<group>"; };
		9F3852A71B1EA077005E3B8B /* WaterYield.h */ = {isa = PBXFileReference; fileEncoding = 4; lastKnownFileType = sourcecode.c.h; path = WaterYield.h; sourceTree = "<group>"; };
		9F3852A81B1EA077005E3B8B /* WaterYield.m */ = {isa = PBXFileReference; fileEncoding = 4; lastKnownFileType = sourcecode.c.objc; path = WaterYield.m; sourceTree = "<group>"; };
		9F3852B31B1EA0DA005E3B8B /* SelectViewController.h */ = {isa = PBXFileReference; fileEncoding = 4; lastKnownFileType = sourcecode.c.h; path = SelectViewController.h; sourceTree = "<group>"; };
		9F3852B41B1EA0DA005E3B8B /* SelectViewController.m */ = {isa = PBXFileReference; fileEncoding = 4; lastKnownFileType = sourcecode.c.objc; path = SelectViewController.m; sourceTree = "<group>"; };
		9F3852B91B1EA28F005E3B8B /* RainCell.h */ = {isa = PBXFileReference; fileEncoding = 4; lastKnownFileType = sourcecode.c.h; path = RainCell.h; sourceTree = "<group>"; };
		9F3852BA1B1EA28F005E3B8B /* RainCell.m */ = {isa = PBXFileReference; fileEncoding = 4; lastKnownFileType = sourcecode.c.objc; path = RainCell.m; sourceTree = "<group>"; };
		9F3852BC1B1EA29C005E3B8B /* Rain.xib */ = {isa = PBXFileReference; fileEncoding = 4; lastKnownFileType = file.xib; path = Rain.xib; sourceTree = "<group>"; };
		9F3852BF1B1EA7AC005E3B8B /* left.png */ = {isa = PBXFileReference; lastKnownFileType = image.png; path = left.png; sourceTree = "<group>"; };
		9F3852C01B1EA7AC005E3B8B /* right.png */ = {isa = PBXFileReference; lastKnownFileType = image.png; path = right.png; sourceTree = "<group>"; };
		9F3852C41B1EA93B005E3B8B /* QualityDetailController.h */ = {isa = PBXFileReference; fileEncoding = 4; lastKnownFileType = sourcecode.c.h; path = QualityDetailController.h; sourceTree = "<group>"; };
		9F3852C51B1EA93B005E3B8B /* QualityDetailController.m */ = {isa = PBXFileReference; fileEncoding = 4; lastKnownFileType = sourcecode.c.objc; path = QualityDetailController.m; sourceTree = "<group>"; };
		9F3852C81B1ED662005E3B8B /* SVProgressHUD.bundle */ = {isa = PBXFileReference; lastKnownFileType = "wrapper.plug-in"; path = SVProgressHUD.bundle; sourceTree = "<group>"; };
		9F3852C91B1ED662005E3B8B /* SVProgressHUD.h */ = {isa = PBXFileReference; fileEncoding = 4; lastKnownFileType = sourcecode.c.h; path = SVProgressHUD.h; sourceTree = "<group>"; };
		9F3852CA1B1ED662005E3B8B /* SVProgressHUD.m */ = {isa = PBXFileReference; fileEncoding = 4; lastKnownFileType = sourcecode.c.objc; path = SVProgressHUD.m; sourceTree = "<group>"; };
		9F3A71C31B299C790032677E /* LoginToken.h */ = {isa = PBXFileReference; fileEncoding = 4; lastKnownFileType = sourcecode.c.h; path = LoginToken.h; sourceTree = "<group>"; };
		9F3A71C41B299C790032677E /* LoginToken.m */ = {isa = PBXFileReference; fileEncoding = 4; lastKnownFileType = sourcecode.c.objc; path = LoginToken.m; sourceTree = "<group>"; };
		9F3FE8D31B21965700CC49F4 /* filter.png */ = {isa = PBXFileReference; lastKnownFileType = image.png; path = filter.png; sourceTree = "<group>"; };
		9F3FE8D51B21965D00CC49F4 /* select.png */ = {isa = PBXFileReference; lastKnownFileType = image.png; path = select.png; sourceTree = "<group>"; };
		9F3FE8D71B219B8D00CC49F4 /* cloudy.png */ = {isa = PBXFileReference; lastKnownFileType = image.png; path = cloudy.png; sourceTree = "<group>"; };
		9F3FE8D81B219B8D00CC49F4 /* foggy.png */ = {isa = PBXFileReference; lastKnownFileType = image.png; path = foggy.png; sourceTree = "<group>"; };
		9F3FE8D91B219B8D00CC49F4 /* rainy.png */ = {isa = PBXFileReference; lastKnownFileType = image.png; path = rainy.png; sourceTree = "<group>"; };
		9F3FE8DA1B219B8D00CC49F4 /* shady.png */ = {isa = PBXFileReference; lastKnownFileType = image.png; path = shady.png; sourceTree = "<group>"; };
		9F3FE8DB1B219B8D00CC49F4 /* showers.png */ = {isa = PBXFileReference; lastKnownFileType = image.png; path = showers.png; sourceTree = "<group>"; };
		9F3FE8DC1B219B8D00CC49F4 /* snowy.png */ = {isa = PBXFileReference; lastKnownFileType = image.png; path = snowy.png; sourceTree = "<group>"; };
		9F3FE8DD1B219B8D00CC49F4 /* sun.png */ = {isa = PBXFileReference; lastKnownFileType = image.png; path = sun.png; sourceTree = "<group>"; };
		9F3FE8DE1B219B8D00CC49F4 /* sunny.png */ = {isa = PBXFileReference; lastKnownFileType = image.png; path = sunny.png; sourceTree = "<group>"; };
		9F3FE8DF1B219B8D00CC49F4 /* sunTocloudy.png */ = {isa = PBXFileReference; lastKnownFileType = image.png; path = sunTocloudy.png; sourceTree = "<group>"; };
		9F3FE8EB1B219C3300CC49F4 /* WeatherObject.h */ = {isa = PBXFileReference; fileEncoding = 4; lastKnownFileType = sourcecode.c.h; path = WeatherObject.h; sourceTree = "<group>"; };
		9F3FE8EC1B219C3300CC49F4 /* WeatherObject.m */ = {isa = PBXFileReference; fileEncoding = 4; lastKnownFileType = sourcecode.c.objc; path = WeatherObject.m; sourceTree = "<group>"; };
		9F3FE8EE1B219D2400CC49F4 /* tq.jpg */ = {isa = PBXFileReference; lastKnownFileType = image.jpeg; path = tq.jpg; sourceTree = "<group>"; };
		9F41C11B1B3263EE003E0679 /* QuailtyChartController.h */ = {isa = PBXFileReference; fileEncoding = 4; lastKnownFileType = sourcecode.c.h; path = QuailtyChartController.h; sourceTree = "<group>"; };
		9F41C11C1B3263EE003E0679 /* QuailtyChartController.m */ = {isa = PBXFileReference; fileEncoding = 4; lastKnownFileType = sourcecode.c.objc; path = QuailtyChartController.m; sourceTree = "<group>"; };
		9F41C1201B32722F003E0679 /* chart.png */ = {isa = PBXFileReference; lastKnownFileType = image.png; path = chart.png; sourceTree = "<group>"; };
		9F41C1221B327379003E0679 /* quality.xib */ = {isa = PBXFileReference; fileEncoding = 4; lastKnownFileType = file.xib; path = quality.xib; sourceTree = "<group>"; };
		9F9158FC1B25415300CFA0DB /* qixiang.png */ = {isa = PBXFileReference; lastKnownFileType = image.png; path = qixiang.png; sourceTree = "<group>"; };
		9F9158FE1B2541C800CFA0DB /* QiXiangController.h */ = {isa = PBXFileReference; fileEncoding = 4; lastKnownFileType = sourcecode.c.h; path = QiXiangController.h; sourceTree = "<group>"; };
		9F9158FF1B2541C800CFA0DB /* QiXiangController.m */ = {isa = PBXFileReference; fileEncoding = 4; lastKnownFileType = sourcecode.c.objc; path = QiXiangController.m; sourceTree = "<group>"; };
		9F9159021B25444600CFA0DB /* QixiangDetailController.h */ = {isa = PBXFileReference; fileEncoding = 4; lastKnownFileType = sourcecode.c.h; path = QixiangDetailController.h; sourceTree = "<group>"; };
		9F9159031B25444600CFA0DB /* QixiangDetailController.m */ = {isa = PBXFileReference; fileEncoding = 4; lastKnownFileType = sourcecode.c.objc; path = QixiangDetailController.m; sourceTree = "<group>"; };
		9F9159051B25581600CFA0DB /* QiXiangObject.h */ = {isa = PBXFileReference; fileEncoding = 4; lastKnownFileType = sourcecode.c.h; path = QiXiangObject.h; sourceTree = "<group>"; };
		9F9159061B25581600CFA0DB /* QiXiangObject.m */ = {isa = PBXFileReference; fileEncoding = 4; lastKnownFileType = sourcecode.c.objc; path = QiXiangObject.m; sourceTree = "<group>"; };
/* End PBXFileReference section */

/* Begin PBXFrameworksBuildPhase section */
		9F3851CD1B1E8A14005E3B8B /* Frameworks */ = {
			isa = PBXFrameworksBuildPhase;
			buildActionMask = 2147483647;
			files = (
				9F3852951B1E9F0A005E3B8B /* libz.1.1.3.dylib in Frameworks */,
				9F3852931B1E9EFF005E3B8B /* SystemConfiguration.framework in Frameworks */,
				9F3852911B1E9EF6005E3B8B /* CFNetwork.framework in Frameworks */,
				9F38528F1B1E9EF1005E3B8B /* MobileCoreServices.framework in Frameworks */,
				9F38528D1B1E9EEA005E3B8B /* CoreGraphics.framework in Frameworks */,
				8DD80ABC74C0BE5D3614F778 /* libPods.a in Frameworks */,
			);
			runOnlyForDeploymentPostprocessing = 0;
		};
		9F3851E61B1E8A14005E3B8B /* Frameworks */ = {
			isa = PBXFrameworksBuildPhase;
			buildActionMask = 2147483647;
			files = (
			);
			runOnlyForDeploymentPostprocessing = 0;
		};
/* End PBXFrameworksBuildPhase section */

/* Begin PBXGroup section */
		5E407F682348F2C8A58C2176 /* Frameworks */ = {
			isa = PBXGroup;
			children = (
				8C377F0C44966721C0B11B0D /* libPods.a */,
			);
			name = Frameworks;
			sourceTree = "<group>";
		};
		9F282D661B3A8B5600D8FBD5 /* Notification */ = {
			isa = PBXGroup;
			children = (
				9F3852211B1E96C6005E3B8B /* NotificationViewController.h */,
				9F3852221B1E96C6005E3B8B /* NotificationViewController.m */,
				9F282D671B3A8DEE00D8FBD5 /* NotificationDetailController.h */,
				9F282D681B3A8DEE00D8FBD5 /* NotificationDetailController.m */,
				9F282D691B3A8DEE00D8FBD5 /* NotificationDetailController.xib */,
			);
			name = Notification;
			sourceTree = "<group>";
		};
		9F282D6F1B3A9E9000D8FBD5 /* Contact */ = {
			isa = PBXGroup;
			children = (
				9F3852311B1E97AF005E3B8B /* ContactViewController.h */,
				9F3852321B1E97AF005E3B8B /* ContactViewController.m */,
			);
			name = Contact;
			sourceTree = "<group>";
		};
		9F3851C71B1E8A14005E3B8B = {
			isa = PBXGroup;
			children = (
				9F3852941B1E9F0A005E3B8B /* libz.1.1.3.dylib */,
				9F3852921B1E9EFF005E3B8B /* SystemConfiguration.framework */,
				9F3852901B1E9EF6005E3B8B /* CFNetwork.framework */,
				9F38528E1B1E9EF1005E3B8B /* MobileCoreServices.framework */,
				9F38528C1B1E9EEA005E3B8B /* CoreGraphics.framework */,
				9F3851D21B1E8A14005E3B8B /* ZDWater2 */,
				9F3851EC1B1E8A14005E3B8B /* ZDWater2Tests */,
				9F3851D11B1E8A14005E3B8B /* Products */,
				B2941C2B132DCDCDEB8BA2C7 /* Pods */,
				5E407F682348F2C8A58C2176 /* Frameworks */,
			);
			sourceTree = "<group>";
		};
		9F3851D11B1E8A14005E3B8B /* Products */ = {
			isa = PBXGroup;
			children = (
				9F3851D01B1E8A14005E3B8B /* ZDWater2.app */,
				9F3851E91B1E8A14005E3B8B /* ZDWater2Tests.xctest */,
			);
			name = Products;
			sourceTree = "<group>";
		};
		9F3851D21B1E8A14005E3B8B /* ZDWater2 */ = {
			isa = PBXGroup;
			children = (
				9F38524D1B1E9D6B005E3B8B /* http */,
				9F38521E1B1E9368005E3B8B /* UIView+RootView.h */,
				9F38521F1B1E9368005E3B8B /* UIView+RootView.m */,
				9F3851D71B1E8A14005E3B8B /* AppDelegate.h */,
				9F3851D81B1E8A14005E3B8B /* AppDelegate.m */,
				9F3851F91B1E8AB8005E3B8B /* LoginViewController.h */,
				9F3851FA1B1E8AB8005E3B8B /* LoginViewController.m */,
				9F3851FC1B1E8AC8005E3B8B /* MenuViewController.h */,
				9F3851FD1B1E8AC8005E3B8B /* MenuViewController.m */,
				9F3851FF1B1E8B05005E3B8B /* Main.storyboard */,
				9F3852241B1E96E5005E3B8B /* items */,
				9F3851E01B1E8A14005E3B8B /* Images.xcassets */,
				9F3852C71B1ED662005E3B8B /* SVProgressHUD */,
				9F3852651B1E9E39005E3B8B /* Until */,
				9F3851D31B1E8A14005E3B8B /* Supporting Files */,
			);
			path = ZDWater2;
			sourceTree = "<group>";
		};
		9F3851D31B1E8A14005E3B8B /* Supporting Files */ = {
			isa = PBXGroup;
			children = (
				9F3852071B1E92A6005E3B8B /* images */,
				9F3851D41B1E8A14005E3B8B /* Info.plist */,
				9F3851D51B1E8A14005E3B8B /* main.m */,
				9F3852961B1E9F9B005E3B8B /* PrefixHeader.pch */,
			);
			name = "Supporting Files";
			sourceTree = "<group>";
		};
		9F3851EC1B1E8A14005E3B8B /* ZDWater2Tests */ = {
			isa = PBXGroup;
			children = (
				9F3851EF1B1E8A14005E3B8B /* ZDWater2Tests.m */,
				9F3851ED1B1E8A14005E3B8B /* Supporting Files */,
			);
			path = ZDWater2Tests;
			sourceTree = "<group>";
		};
		9F3851ED1B1E8A14005E3B8B /* Supporting Files */ = {
			isa = PBXGroup;
			children = (
				9F3851EE1B1E8A14005E3B8B /* Info.plist */,
			);
			name = "Supporting Files";
			sourceTree = "<group>";
		};
		9F3852071B1E92A6005E3B8B /* images */ = {
			isa = PBXGroup;
			children = (
				9F9158FC1B25415300CFA0DB /* qixiang.png */,
				9F41C1201B32722F003E0679 /* chart.png */,
				9F3FE8D71B219B8D00CC49F4 /* cloudy.png */,
				9F3FE8D81B219B8D00CC49F4 /* foggy.png */,
				9F3FE8D91B219B8D00CC49F4 /* rainy.png */,
				9F3FE8DA1B219B8D00CC49F4 /* shady.png */,
				9F3FE8EE1B219D2400CC49F4 /* tq.jpg */,
				9F3FE8DB1B219B8D00CC49F4 /* showers.png */,
				9F3FE8DC1B219B8D00CC49F4 /* snowy.png */,
				9F3FE8DD1B219B8D00CC49F4 /* sun.png */,
				9F3FE8DE1B219B8D00CC49F4 /* sunny.png */,
				9F3FE8DF1B219B8D00CC49F4 /* sunTocloudy.png */,
				9F3FE8D51B21965D00CC49F4 /* select.png */,
				9F3FE8D31B21965700CC49F4 /* filter.png */,
				9F3852BF1B1EA7AC005E3B8B /* left.png */,
				9F3852C01B1EA7AC005E3B8B /* right.png */,
				9F3852081B1E9303005E3B8B /* bg_023@2x.png */,
				9F3852451B1E9D30005E3B8B /* btn_020@2x.png */,
				9F3852091B1E9303005E3B8B /* btn_021@2x.png */,
				9F38520A1B1E9303005E3B8B /* contact.png */,
				9F38520B1B1E9303005E3B8B /* gate.png */,
				9F38520C1B1E9304005E3B8B /* notification.png */,
				9F38520D1B1E9304005E3B8B /* rain.png */,
				9F38520E1B1E9304005E3B8B /* setting.png */,
				9F38520F1B1E9304005E3B8B /* water.png */,
				9F3852101B1E9304005E3B8B /* waterlevel.png */,
				9F3852111B1E9304005E3B8B /* waterQuality.png */,
				9F3852121B1E9304005E3B8B /* weather.png */,
			);
			name = images;
			sourceTree = "<group>";
		};
		9F3852241B1E96E5005E3B8B /* items */ = {
			isa = PBXGroup;
			children = (
				9F282D6F1B3A9E9000D8FBD5 /* Contact */,
				9F282D661B3A8B5600D8FBD5 /* Notification */,
				9F9159011B25442E00CFA0DB /* QixiangGuotu */,
				9F3852BE1B1EA4D8005E3B8B /* chartView */,
				9F38523E1B1E9CED005E3B8B /* CustomCell */,
				9F3852371B1E9C82005E3B8B /* xib */,
				9F3852B21B1EA0CD005E3B8B /* Rain */,
				9F3852251B1E9720005E3B8B /* WaterLevelController.h */,
				9F3852261B1E9720005E3B8B /* WaterLevelController.m */,
				9F3852C31B1EA918005E3B8B /* waterQuality */,
				9F38522B1B1E9765005E3B8B /* WaterYieldController.h */,
				9F38522C1B1E9765005E3B8B /* WaterYieldController.m */,
				9F38522E1B1E978E005E3B8B /* GateViewController.h */,
				9F38522F1B1E978E005E3B8B /* GateViewController.m */,
				9F3852341B1E97CA005E3B8B /* WeatherViewController.h */,
				9F3852351B1E97CA005E3B8B /* WeatherViewController.m */,
				9F3852511B1E9E0C005E3B8B /* chart */,
			);
			name = items;
			sourceTree = "<group>";
		};
		9F3852371B1E9C82005E3B8B /* xib */ = {
			isa = PBXGroup;
			children = (
				9F38523C1B1E9CD7005E3B8B /* WaterCell.xib */,
				9F282D641B3A880700D8FBD5 /* Notification.xib */,
				9F3852381B1E9CB0005E3B8B /* CustomHeaderView.xib */,
				9F3852391B1E9CB0005E3B8B /* RainHeaderView.xib */,
				9F3852BC1B1EA29C005E3B8B /* Rain.xib */,
				9F41C1221B327379003E0679 /* quality.xib */,
				9F282D701B3AA07400D8FBD5 /* ContactCell.xib */,
			);
			name = xib;
			sourceTree = "<group>";
		};
		9F38523E1B1E9CED005E3B8B /* CustomCell */ = {
			isa = PBXGroup;
			children = (
				9F3852471B1E9D4A005E3B8B /* CustomHeaderView.h */,
				9F3852481B1E9D4A005E3B8B /* CustomHeaderView.m */,
				9F38523F1B1E9CFC005E3B8B /* WaterCell.h */,
				9F3852401B1E9CFC005E3B8B /* WaterCell.m */,
				9F3852421B1E9D0F005E3B8B /* NotificationCell.h */,
				9F3852431B1E9D0F005E3B8B /* NotificationCell.m */,
				9F38524A1B1E9D58005E3B8B /* QualityCell.h */,
				9F38524B1B1E9D58005E3B8B /* QualityCell.m */,
				9F3852B91B1EA28F005E3B8B /* RainCell.h */,
				9F3852BA1B1EA28F005E3B8B /* RainCell.m */,
				9F282D721B3AA19300D8FBD5 /* ContactCell.h */,
				9F282D731B3AA19300D8FBD5 /* ContactCell.m */,
			);
			name = CustomCell;
			sourceTree = "<group>";
		};
		9F38524D1B1E9D6B005E3B8B /* http */ = {
			isa = PBXGroup;
			children = (
				9F3852971B1EA077005E3B8B /* AreaObject.h */,
				9F3852981B1EA077005E3B8B /* AreaObject.m */,
				9F3852991B1EA077005E3B8B /* ChartObject.h */,
				9F38529A1B1EA077005E3B8B /* ChartObject.m */,
				9F38529B1B1EA077005E3B8B /* DoubleChartObject.h */,
				9F38529C1B1EA077005E3B8B /* DoubleChartObject.m */,
				9F38529D1B1EA077005E3B8B /* GateObject.h */,
				9F38529E1B1EA077005E3B8B /* GateObject.m */,
				9F38529F1B1EA077005E3B8B /* QualityDetaiObject.h */,
				9F3852A01B1EA077005E3B8B /* QualityDetaiObject.m */,
				9F3852A11B1EA077005E3B8B /* RainObject.h */,
				9F3852A21B1EA077005E3B8B /* RainObject.m */,
				9F3852A31B1EA077005E3B8B /* WaterQuality.h */,
				9F3852A41B1EA077005E3B8B /* WaterQuality.m */,
				9F3852A51B1EA077005E3B8B /* WaterSituation.h */,
				9F3852A61B1EA077005E3B8B /* WaterSituation.m */,
				9F3852A71B1EA077005E3B8B /* WaterYield.h */,
				9F3852A81B1EA077005E3B8B /* WaterYield.m */,
				9F3FE8EB1B219C3300CC49F4 /* WeatherObject.h */,
				9F3FE8EC1B219C3300CC49F4 /* WeatherObject.m */,
				9F9159051B25581600CFA0DB /* QiXiangObject.h */,
				9F9159061B25581600CFA0DB /* QiXiangObject.m */,
				9F3A71C31B299C790032677E /* LoginToken.h */,
				9F3A71C41B299C790032677E /* LoginToken.m */,
				9F282D6C1B3A931400D8FBD5 /* Notification.h */,
				9F282D6D1B3A931400D8FBD5 /* Notification.m */,
			);
			name = http;
			sourceTree = "<group>";
		};
		9F3852511B1E9E0C005E3B8B /* chart */ = {
			isa = PBXGroup;
			children = (
				9F3852521B1E9E20005E3B8B /* UUBar.h */,
				9F3852531B1E9E20005E3B8B /* UUBar.m */,
				9F3852541B1E9E20005E3B8B /* UUBarChart.h */,
				9F3852551B1E9E20005E3B8B /* UUBarChart.m */,
				9F3852561B1E9E20005E3B8B /* UUChart.h */,
				9F3852571B1E9E20005E3B8B /* UUChart.m */,
				9F3852581B1E9E20005E3B8B /* UUChartLabel.h */,
				9F3852591B1E9E20005E3B8B /* UUChartLabel.m */,
				9F38525A1B1E9E20005E3B8B /* UUColor.h */,
				9F38525B1B1E9E20005E3B8B /* UUColor.m */,
				9F38525C1B1E9E20005E3B8B /* UULineChart.h */,
				9F38525D1B1E9E20005E3B8B /* UULineChart.m */,
			);
			name = chart;
			sourceTree = "<group>";
		};
		9F3852651B1E9E39005E3B8B /* Until */ = {
			isa = PBXGroup;
			children = (
				9F3852661B1E9E60005E3B8B /* CustomDateActionSheet.h */,
				9F3852671B1E9E60005E3B8B /* CustomDateActionSheet.m */,
				9F3852681B1E9E60005E3B8B /* CustomDateActionSheet.xib */,
			);
			name = Until;
			sourceTree = "<group>";
		};
		9F3852B21B1EA0CD005E3B8B /* Rain */ = {
			isa = PBXGroup;
			children = (
				9F3852011B1E8DC4005E3B8B /* RainViewController.h */,
				9F3852021B1E8DC4005E3B8B /* RainViewController.m */,
				9F3852B31B1EA0DA005E3B8B /* SelectViewController.h */,
				9F3852B41B1EA0DA005E3B8B /* SelectViewController.m */,
			);
			name = Rain;
			sourceTree = "<group>";
		};
		9F3852BE1B1EA4D8005E3B8B /* chartView */ = {
			isa = PBXGroup;
			children = (
				9F3852041B1E8EB8005E3B8B /* ChartViewController.h */,
				9F3852051B1E8EB8005E3B8B /* ChartViewController.m */,
			);
			name = chartView;
			sourceTree = "<group>";
		};
		9F3852C31B1EA918005E3B8B /* waterQuality */ = {
			isa = PBXGroup;
			children = (
				9F3852281B1E973F005E3B8B /* WaterQualityController.h */,
				9F3852291B1E973F005E3B8B /* WaterQualityController.m */,
				9F3852C41B1EA93B005E3B8B /* QualityDetailController.h */,
				9F3852C51B1EA93B005E3B8B /* QualityDetailController.m */,
				9F41C11B1B3263EE003E0679 /* QuailtyChartController.h */,
				9F41C11C1B3263EE003E0679 /* QuailtyChartController.m */,
			);
			name = waterQuality;
			sourceTree = "<group>";
		};
		9F3852C71B1ED662005E3B8B /* SVProgressHUD */ = {
			isa = PBXGroup;
			children = (
				9F3852C81B1ED662005E3B8B /* SVProgressHUD.bundle */,
				9F3852C91B1ED662005E3B8B /* SVProgressHUD.h */,
				9F3852CA1B1ED662005E3B8B /* SVProgressHUD.m */,
			);
			path = SVProgressHUD;
			sourceTree = "<group>";
		};
		9F9159011B25442E00CFA0DB /* QixiangGuotu */ = {
			isa = PBXGroup;
			children = (
				9F9158FE1B2541C800CFA0DB /* QiXiangController.h */,
				9F9158FF1B2541C800CFA0DB /* QiXiangController.m */,
				9F9159021B25444600CFA0DB /* QixiangDetailController.h */,
				9F9159031B25444600CFA0DB /* QixiangDetailController.m */,
			);
			name = QixiangGuotu;
			sourceTree = "<group>";
		};
		B2941C2B132DCDCDEB8BA2C7 /* Pods */ = {
			isa = PBXGroup;
			children = (
				049BF1D6F49D40F18C10AEC8 /* Pods.debug.xcconfig */,
				7F087AF3573AB2CED7AE55BC /* Pods.release.xcconfig */,
			);
			name = Pods;
			sourceTree = "<group>";
		};
/* End PBXGroup section */

/* Begin PBXNativeTarget section */
		9F3851CF1B1E8A14005E3B8B /* ZDWater2 */ = {
			isa = PBXNativeTarget;
			buildConfigurationList = 9F3851F31B1E8A14005E3B8B /* Build configuration list for PBXNativeTarget "ZDWater2" */;
			buildPhases = (
				875C5620A38A2FD11917865E /* Check Pods Manifest.lock */,
				9F3851CC1B1E8A14005E3B8B /* Sources */,
				9F3851CD1B1E8A14005E3B8B /* Frameworks */,
				9F3851CE1B1E8A14005E3B8B /* Resources */,
				AC7B7363940AD9B1078AD58F /* Copy Pods Resources */,
			);
			buildRules = (
			);
			dependencies = (
			);
			name = ZDWater2;
			productName = ZDWater2;
			productReference = 9F3851D01B1E8A14005E3B8B /* ZDWater2.app */;
			productType = "com.apple.product-type.application";
		};
		9F3851E81B1E8A14005E3B8B /* ZDWater2Tests */ = {
			isa = PBXNativeTarget;
			buildConfigurationList = 9F3851F61B1E8A14005E3B8B /* Build configuration list for PBXNativeTarget "ZDWater2Tests" */;
			buildPhases = (
				9F3851E51B1E8A14005E3B8B /* Sources */,
				9F3851E61B1E8A14005E3B8B /* Frameworks */,
				9F3851E71B1E8A14005E3B8B /* Resources */,
			);
			buildRules = (
			);
			dependencies = (
				9F3851EB1B1E8A14005E3B8B /* PBXTargetDependency */,
			);
			name = ZDWater2Tests;
			productName = ZDWater2Tests;
			productReference = 9F3851E91B1E8A14005E3B8B /* ZDWater2Tests.xctest */;
			productType = "com.apple.product-type.bundle.unit-test";
		};
/* End PBXNativeTarget section */

/* Begin PBXProject section */
		9F3851C81B1E8A14005E3B8B /* Project object */ = {
			isa = PBXProject;
			attributes = {
				LastUpgradeCheck = 0630;
				ORGANIZATIONNAME = teddy;
				TargetAttributes = {
					9F3851CF1B1E8A14005E3B8B = {
						CreatedOnToolsVersion = 6.3.1;
					};
					9F3851E81B1E8A14005E3B8B = {
						CreatedOnToolsVersion = 6.3.1;
						TestTargetID = 9F3851CF1B1E8A14005E3B8B;
					};
				};
			};
			buildConfigurationList = 9F3851CB1B1E8A14005E3B8B /* Build configuration list for PBXProject "ZDWater2" */;
			compatibilityVersion = "Xcode 3.2";
			developmentRegion = English;
			hasScannedForEncodings = 0;
			knownRegions = (
				en,
				Base,
			);
			mainGroup = 9F3851C71B1E8A14005E3B8B;
			productRefGroup = 9F3851D11B1E8A14005E3B8B /* Products */;
			projectDirPath = "";
			projectRoot = "";
			targets = (
				9F3851CF1B1E8A14005E3B8B /* ZDWater2 */,
				9F3851E81B1E8A14005E3B8B /* ZDWater2Tests */,
			);
		};
/* End PBXProject section */

/* Begin PBXResourcesBuildPhase section */
		9F3851CE1B1E8A14005E3B8B /* Resources */ = {
			isa = PBXResourcesBuildPhase;
			buildActionMask = 2147483647;
			files = (
				9F3FE8D41B21965800CC49F4 /* filter.png in Resources */,
				9F3FE8E31B219B8D00CC49F4 /* rainy.png in Resources */,
				9F282D651B3A880700D8FBD5 /* Notification.xib in Resources */,
				9F3852171B1E9304005E3B8B /* notification.png in Resources */,
				9F38523D1B1E9CD7005E3B8B /* WaterCell.xib in Resources */,
				9F3851E11B1E8A14005E3B8B /* Images.xcassets in Resources */,
				9F3852151B1E9304005E3B8B /* contact.png in Resources */,
				9F3852161B1E9304005E3B8B /* gate.png in Resources */,
				9F3FE8E51B219B8D00CC49F4 /* showers.png in Resources */,
				9F3FE8E71B219B8D00CC49F4 /* sun.png in Resources */,
				9F38523B1B1E9CB0005E3B8B /* RainHeaderView.xib in Resources */,
				9F3852C21B1EA7AC005E3B8B /* right.png in Resources */,
				9F3852C11B1EA7AC005E3B8B /* left.png in Resources */,
				9F3852141B1E9304005E3B8B /* btn_021@2x.png in Resources */,
				9F3FE8E21B219B8D00CC49F4 /* foggy.png in Resources */,
				9F38521B1B1E9304005E3B8B /* waterlevel.png in Resources */,
				9F3FE8E41B219B8D00CC49F4 /* shady.png in Resources */,
				9F3852461B1E9D30005E3B8B /* btn_020@2x.png in Resources */,
				9F38523A1B1E9CB0005E3B8B /* CustomHeaderView.xib in Resources */,
				9F41C1211B32722F003E0679 /* chart.png in Resources */,
				9F3852191B1E9304005E3B8B /* setting.png in Resources */,
				9F41C1231B327379003E0679 /* quality.xib in Resources */,
				9F38521C1B1E9304005E3B8B /* waterQuality.png in Resources */,
				9F3852BD1B1EA29C005E3B8B /* Rain.xib in Resources */,
				9F38526A1B1E9E60005E3B8B /* CustomDateActionSheet.xib in Resources */,
				9F3852181B1E9304005E3B8B /* rain.png in Resources */,
				9F3FE8E61B219B8D00CC49F4 /* snowy.png in Resources */,
				9F3FE8E11B219B8D00CC49F4 /* cloudy.png in Resources */,
				9F282D711B3AA07400D8FBD5 /* ContactCell.xib in Resources */,
				9F3FE8E81B219B8D00CC49F4 /* sunny.png in Resources */,
				9F3852131B1E9304005E3B8B /* bg_023@2x.png in Resources */,
				9F3852001B1E8B05005E3B8B /* Main.storyboard in Resources */,
				9F38521D1B1E9304005E3B8B /* weather.png in Resources */,
				9F3FE8D61B21965D00CC49F4 /* select.png in Resources */,
				9F9158FD1B25415300CFA0DB /* qixiang.png in Resources */,
				9F38521A1B1E9304005E3B8B /* water.png in Resources */,
				9F3852CB1B1ED662005E3B8B /* SVProgressHUD.bundle in Resources */,
				9F3FE8EF1B219D2400CC49F4 /* tq.jpg in Resources */,
				9F282D6B1B3A8DEE00D8FBD5 /* NotificationDetailController.xib in Resources */,
				9F3FE8E91B219B8D00CC49F4 /* sunTocloudy.png in Resources */,
			);
			runOnlyForDeploymentPostprocessing = 0;
		};
		9F3851E71B1E8A14005E3B8B /* Resources */ = {
			isa = PBXResourcesBuildPhase;
			buildActionMask = 2147483647;
			files = (
			);
			runOnlyForDeploymentPostprocessing = 0;
		};
/* End PBXResourcesBuildPhase section */

/* Begin PBXShellScriptBuildPhase section */
		875C5620A38A2FD11917865E /* Check Pods Manifest.lock */ = {
			isa = PBXShellScriptBuildPhase;
			buildActionMask = 2147483647;
			files = (
			);
			inputPaths = (
			);
			name = "Check Pods Manifest.lock";
			outputPaths = (
			);
			runOnlyForDeploymentPostprocessing = 0;
			shellPath = /bin/sh;
			shellScript = "diff \"${PODS_ROOT}/../Podfile.lock\" \"${PODS_ROOT}/Manifest.lock\" > /dev/null\nif [[ $? != 0 ]] ; then\n    cat << EOM\nerror: The sandbox is not in sync with the Podfile.lock. Run 'pod install' or update your CocoaPods installation.\nEOM\n    exit 1\nfi\n";
			showEnvVarsInLog = 0;
		};
		AC7B7363940AD9B1078AD58F /* Copy Pods Resources */ = {
			isa = PBXShellScriptBuildPhase;
			buildActionMask = 2147483647;
			files = (
			);
			inputPaths = (
			);
			name = "Copy Pods Resources";
			outputPaths = (
			);
			runOnlyForDeploymentPostprocessing = 0;
			shellPath = /bin/sh;
			shellScript = "\"${SRCROOT}/Pods/Target Support Files/Pods/Pods-resources.sh\"\n";
			showEnvVarsInLog = 0;
		};
/* End PBXShellScriptBuildPhase section */

/* Begin PBXSourcesBuildPhase section */
		9F3851CC1B1E8A14005E3B8B /* Sources */ = {
			isa = PBXSourcesBuildPhase;
			buildActionMask = 2147483647;
			files = (
				9F3851D91B1E8A14005E3B8B /* AppDelegate.m in Sources */,
				9F3852B01B1EA077005E3B8B /* WaterSituation.m in Sources */,
				9F3A71C51B299C790032677E /* LoginToken.m in Sources */,
				9F38525E1B1E9E20005E3B8B /* UUBar.m in Sources */,
				9F3852CC1B1ED662005E3B8B /* SVProgressHUD.m in Sources */,
				9F3852B11B1EA077005E3B8B /* WaterYield.m in Sources */,
				9F282D6E1B3A931400D8FBD5 /* Notification.m in Sources */,
				9F3852AE1B1EA077005E3B8B /* RainObject.m in Sources */,
				9F3852061B1E8EB8005E3B8B /* ChartViewController.m in Sources */,
				9F3852691B1E9E60005E3B8B /* CustomDateActionSheet.m in Sources */,
				9F38522D1B1E9765005E3B8B /* WaterYieldController.m in Sources */,
				9F3852621B1E9E20005E3B8B /* UUColor.m in Sources */,
				9F3851D61B1E8A14005E3B8B /* main.m in Sources */,
				9F3852441B1E9D0F005E3B8B /* NotificationCell.m in Sources */,
				9F3852031B1E8DC4005E3B8B /* RainViewController.m in Sources */,
				9F38525F1B1E9E20005E3B8B /* UUBarChart.m in Sources */,
				9F3852AD1B1EA077005E3B8B /* QualityDetaiObject.m in Sources */,
				9F9159041B25444600CFA0DB /* QixiangDetailController.m in Sources */,
				9F282D6A1B3A8DEE00D8FBD5 /* NotificationDetailController.m in Sources */,
				9F3852B51B1EA0DA005E3B8B /* SelectViewController.m in Sources */,
				9F3852331B1E97AF005E3B8B /* ContactViewController.m in Sources */,
				9F3852611B1E9E20005E3B8B /* UUChartLabel.m in Sources */,
				9F38524C1B1E9D58005E3B8B /* QualityCell.m in Sources */,
				9F3852AA1B1EA077005E3B8B /* ChartObject.m in Sources */,
				9F3852BB1B1EA28F005E3B8B /* RainCell.m in Sources */,
				9F3852C61B1EA93B005E3B8B /* QualityDetailController.m in Sources */,
				9F3852AC1B1EA077005E3B8B /* GateObject.m in Sources */,
				9F3852201B1E9368005E3B8B /* UIView+RootView.m in Sources */,
				9F41C11D1B3263EE003E0679 /* QuailtyChartController.m in Sources */,
				9F3852601B1E9E20005E3B8B /* UUChart.m in Sources */,
				9F38522A1B1E973F005E3B8B /* WaterQualityController.m in Sources */,
				9F3852AB1B1EA077005E3B8B /* DoubleChartObject.m in Sources */,
				9F3852301B1E978E005E3B8B /* GateViewController.m in Sources */,
				9F3852361B1E97CA005E3B8B /* WeatherViewController.m in Sources */,
				9F9159001B2541C800CFA0DB /* QiXiangController.m in Sources */,
				9F3FE8ED1B219C3300CC49F4 /* WeatherObject.m in Sources */,
				9F3852491B1E9D4A005E3B8B /* CustomHeaderView.m in Sources */,
				9F282D741B3AA19300D8FBD5 /* ContactCell.m in Sources */,
				9F3852411B1E9CFC005E3B8B /* WaterCell.m in Sources */,
				9F3852231B1E96C6005E3B8B /* NotificationViewController.m in Sources */,
				9F3852271B1E9720005E3B8B /* WaterLevelController.m in Sources */,
				9F3851FB1B1E8AB8005E3B8B /* LoginViewController.m in Sources */,
				9F3852A91B1EA077005E3B8B /* AreaObject.m in Sources */,
				9F3852AF1B1EA077005E3B8B /* WaterQuality.m in Sources */,
				9F3851FE1B1E8AC8005E3B8B /* MenuViewController.m in Sources */,
				9F3852631B1E9E20005E3B8B /* UULineChart.m in Sources */,
				9F9159071B25581600CFA0DB /* QiXiangObject.m in Sources */,
			);
			runOnlyForDeploymentPostprocessing = 0;
		};
		9F3851E51B1E8A14005E3B8B /* Sources */ = {
			isa = PBXSourcesBuildPhase;
			buildActionMask = 2147483647;
			files = (
				9F3851F01B1E8A14005E3B8B /* ZDWater2Tests.m in Sources */,
			);
			runOnlyForDeploymentPostprocessing = 0;
		};
/* End PBXSourcesBuildPhase section */

/* Begin PBXTargetDependency section */
		9F3851EB1B1E8A14005E3B8B /* PBXTargetDependency */ = {
			isa = PBXTargetDependency;
			target = 9F3851CF1B1E8A14005E3B8B /* ZDWater2 */;
			targetProxy = 9F3851EA1B1E8A14005E3B8B /* PBXContainerItemProxy */;
		};
/* End PBXTargetDependency section */

/* Begin XCBuildConfiguration section */
		9F3851F11B1E8A14005E3B8B /* Debug */ = {
			isa = XCBuildConfiguration;
			buildSettings = {
				ALWAYS_SEARCH_USER_PATHS = NO;
				CLANG_CXX_LANGUAGE_STANDARD = "gnu++0x";
				CLANG_CXX_LIBRARY = "libc++";
				CLANG_ENABLE_MODULES = YES;
				CLANG_ENABLE_OBJC_ARC = YES;
				CLANG_WARN_BOOL_CONVERSION = YES;
				CLANG_WARN_CONSTANT_CONVERSION = YES;
				CLANG_WARN_DIRECT_OBJC_ISA_USAGE = YES_ERROR;
				CLANG_WARN_EMPTY_BODY = YES;
				CLANG_WARN_ENUM_CONVERSION = YES;
				CLANG_WARN_INT_CONVERSION = YES;
				CLANG_WARN_OBJC_ROOT_CLASS = YES_ERROR;
				CLANG_WARN_UNREACHABLE_CODE = YES;
				CLANG_WARN__DUPLICATE_METHOD_MATCH = YES;
				"CODE_SIGN_IDENTITY[sdk=iphoneos*]" = "iPhone Developer";
				COPY_PHASE_STRIP = NO;
				DEBUG_INFORMATION_FORMAT = "dwarf-with-dsym";
				ENABLE_STRICT_OBJC_MSGSEND = YES;
				GCC_C_LANGUAGE_STANDARD = gnu99;
				GCC_DYNAMIC_NO_PIC = NO;
				GCC_NO_COMMON_BLOCKS = YES;
				GCC_OPTIMIZATION_LEVEL = 0;
				GCC_PREPROCESSOR_DEFINITIONS = (
					"DEBUG=1",
					"$(inherited)",
				);
				GCC_SYMBOLS_PRIVATE_EXTERN = NO;
				GCC_WARN_64_TO_32_BIT_CONVERSION = YES;
				GCC_WARN_ABOUT_RETURN_TYPE = YES_ERROR;
				GCC_WARN_UNDECLARED_SELECTOR = YES;
				GCC_WARN_UNINITIALIZED_AUTOS = YES_AGGRESSIVE;
				GCC_WARN_UNUSED_FUNCTION = YES;
				GCC_WARN_UNUSED_VARIABLE = YES;
				IPHONEOS_DEPLOYMENT_TARGET = 8.3;
				MTL_ENABLE_DEBUG_INFO = YES;
				ONLY_ACTIVE_ARCH = YES;
				SDKROOT = iphoneos;
			};
			name = Debug;
		};
		9F3851F21B1E8A14005E3B8B /* Release */ = {
			isa = XCBuildConfiguration;
			buildSettings = {
				ALWAYS_SEARCH_USER_PATHS = NO;
				CLANG_CXX_LANGUAGE_STANDARD = "gnu++0x";
				CLANG_CXX_LIBRARY = "libc++";
				CLANG_ENABLE_MODULES = YES;
				CLANG_ENABLE_OBJC_ARC = YES;
				CLANG_WARN_BOOL_CONVERSION = YES;
				CLANG_WARN_CONSTANT_CONVERSION = YES;
				CLANG_WARN_DIRECT_OBJC_ISA_USAGE = YES_ERROR;
				CLANG_WARN_EMPTY_BODY = YES;
				CLANG_WARN_ENUM_CONVERSION = YES;
				CLANG_WARN_INT_CONVERSION = YES;
				CLANG_WARN_OBJC_ROOT_CLASS = YES_ERROR;
				CLANG_WARN_UNREACHABLE_CODE = YES;
				CLANG_WARN__DUPLICATE_METHOD_MATCH = YES;
				"CODE_SIGN_IDENTITY[sdk=iphoneos*]" = "iPhone Developer";
				COPY_PHASE_STRIP = NO;
				DEBUG_INFORMATION_FORMAT = "dwarf-with-dsym";
				ENABLE_NS_ASSERTIONS = NO;
				ENABLE_STRICT_OBJC_MSGSEND = YES;
				GCC_C_LANGUAGE_STANDARD = gnu99;
				GCC_NO_COMMON_BLOCKS = YES;
				GCC_WARN_64_TO_32_BIT_CONVERSION = YES;
				GCC_WARN_ABOUT_RETURN_TYPE = YES_ERROR;
				GCC_WARN_UNDECLARED_SELECTOR = YES;
				GCC_WARN_UNINITIALIZED_AUTOS = YES_AGGRESSIVE;
				GCC_WARN_UNUSED_FUNCTION = YES;
				GCC_WARN_UNUSED_VARIABLE = YES;
				IPHONEOS_DEPLOYMENT_TARGET = 8.3;
				MTL_ENABLE_DEBUG_INFO = NO;
				SDKROOT = iphoneos;
				VALIDATE_PRODUCT = YES;
			};
			name = Release;
		};
		9F3851F41B1E8A14005E3B8B /* Debug */ = {
			isa = XCBuildConfiguration;
			baseConfigurationReference = 049BF1D6F49D40F18C10AEC8 /* Pods.debug.xcconfig */;
			buildSettings = {
				ASSETCATALOG_COMPILER_APPICON_NAME = AppIcon;
				ASSETCATALOG_COMPILER_LAUNCHIMAGE_NAME = LaunchImage;
				CODE_SIGN_IDENTITY = "iPhone Developer: roger ace (W6A2225E87)";
				"CODE_SIGN_IDENTITY[sdk=iphoneos*]" = "iPhone Developer: roger ace (W6A2225E87)";
				GCC_PRECOMPILE_PREFIX_HEADER = YES;
				GCC_PREFIX_HEADER = "$(SRCROOT)/ZDWater2/PrefixHeader.pch";
				INFOPLIST_FILE = ZDWater2/Info.plist;
				IPHONEOS_DEPLOYMENT_TARGET = 6.1;
				LD_RUNPATH_SEARCH_PATHS = "$(inherited) @executable_path/Frameworks";
				PRODUCT_NAME = "$(TARGET_NAME)";
				PROVISIONING_PROFILE = "c170e487-2b4c-4c20-8c31-74e79e864c95";
			};
			name = Debug;
		};
		9F3851F51B1E8A14005E3B8B /* Release */ = {
			isa = XCBuildConfiguration;
			baseConfigurationReference = 7F087AF3573AB2CED7AE55BC /* Pods.release.xcconfig */;
			buildSettings = {
				ASSETCATALOG_COMPILER_APPICON_NAME = AppIcon;
				ASSETCATALOG_COMPILER_LAUNCHIMAGE_NAME = LaunchImage;
				CODE_SIGN_IDENTITY = "iPhone Developer: roger ace (W6A2225E87)";
				"CODE_SIGN_IDENTITY[sdk=iphoneos*]" = "iPhone Developer: roger ace (W6A2225E87)";
				GCC_PRECOMPILE_PREFIX_HEADER = YES;
				GCC_PREFIX_HEADER = "$(SRCROOT)/ZDWater2/PrefixHeader.pch";
				INFOPLIST_FILE = ZDWater2/Info.plist;
				IPHONEOS_DEPLOYMENT_TARGET = 6.1;
				LD_RUNPATH_SEARCH_PATHS = "$(inherited) @executable_path/Frameworks";
				PRODUCT_NAME = "$(TARGET_NAME)";
				PROVISIONING_PROFILE = "c170e487-2b4c-4c20-8c31-74e79e864c95";
			};
			name = Release;
		};
		9F3851F71B1E8A14005E3B8B /* Debug */ = {
			isa = XCBuildConfiguration;
			buildSettings = {
				BUNDLE_LOADER = "$(TEST_HOST)";
				FRAMEWORK_SEARCH_PATHS = (
					"$(SDKROOT)/Developer/Library/Frameworks",
					"$(inherited)",
				);
				GCC_PREPROCESSOR_DEFINITIONS = (
					"DEBUG=1",
					"$(inherited)",
				);
				INFOPLIST_FILE = ZDWater2Tests/Info.plist;
				LD_RUNPATH_SEARCH_PATHS = "$(inherited) @executable_path/Frameworks @loader_path/Frameworks";
				PRODUCT_NAME = "$(TARGET_NAME)";
				TEST_HOST = "$(BUILT_PRODUCTS_DIR)/ZDWater2.app/ZDWater2";
			};
			name = Debug;
		};
		9F3851F81B1E8A14005E3B8B /* Release */ = {
			isa = XCBuildConfiguration;
			buildSettings = {
				BUNDLE_LOADER = "$(TEST_HOST)";
				FRAMEWORK_SEARCH_PATHS = (
					"$(SDKROOT)/Developer/Library/Frameworks",
					"$(inherited)",
				);
				INFOPLIST_FILE = ZDWater2Tests/Info.plist;
				LD_RUNPATH_SEARCH_PATHS = "$(inherited) @executable_path/Frameworks @loader_path/Frameworks";
				PRODUCT_NAME = "$(TARGET_NAME)";
				TEST_HOST = "$(BUILT_PRODUCTS_DIR)/ZDWater2.app/ZDWater2";
			};
			name = Release;
		};
/* End XCBuildConfiguration section */

/* Begin XCConfigurationList section */
		9F3851CB1B1E8A14005E3B8B /* Build configuration list for PBXProject "ZDWater2" */ = {
			isa = XCConfigurationList;
			buildConfigurations = (
				9F3851F11B1E8A14005E3B8B /* Debug */,
				9F3851F21B1E8A14005E3B8B /* Release */,
			);
			defaultConfigurationIsVisible = 0;
			defaultConfigurationName = Release;
		};
		9F3851F31B1E8A14005E3B8B /* Build configuration list for PBXNativeTarget "ZDWater2" */ = {
			isa = XCConfigurationList;
			buildConfigurations = (
				9F3851F41B1E8A14005E3B8B /* Debug */,
				9F3851F51B1E8A14005E3B8B /* Release */,
			);
			defaultConfigurationIsVisible = 0;
			defaultConfigurationName = Release;
		};
		9F3851F61B1E8A14005E3B8B /* Build configuration list for PBXNativeTarget "ZDWater2Tests" */ = {
			isa = XCConfigurationList;
			buildConfigurations = (
				9F3851F71B1E8A14005E3B8B /* Debug */,
				9F3851F81B1E8A14005E3B8B /* Release */,
			);
			defaultConfigurationIsVisible = 0;
			defaultConfigurationName = Release;
		};
/* End XCConfigurationList section */
	};
	rootObject = 9F3851C81B1E8A14005E3B8B /* Project object */;
}
